// !$*UTF8*$!
{
	archiveVersion = 1;
	classes = {
	};
	objectVersion = 50;
	objects = {

/* Begin PBXBuildFile section */
		14B2FABF2644702500C93367 /* AppDelegate.swift in Sources */ = {isa = PBXBuildFile; fileRef = 14B2FABE2644702500C93367 /* AppDelegate.swift */; };
		14B2FAC12644702600C93367 /* SceneDelegate.swift in Sources */ = {isa = PBXBuildFile; fileRef = 14B2FAC02644702600C93367 /* SceneDelegate.swift */; };
		14B2FAC32644702600C93367 /* MainViewCotroller.swift in Sources */ = {isa = PBXBuildFile; fileRef = 14B2FAC22644702600C93367 /* MainViewCotroller.swift */; };
		14B2FAC62644702600C93367 /* Main.storyboard in Resources */ = {isa = PBXBuildFile; fileRef = 14B2FAC42644702600C93367 /* Main.storyboard */; };
		14B2FAC82644702900C93367 /* Assets.xcassets in Resources */ = {isa = PBXBuildFile; fileRef = 14B2FAC72644702900C93367 /* Assets.xcassets */; };
		14B2FACB2644702900C93367 /* LaunchScreen.storyboard in Resources */ = {isa = PBXBuildFile; fileRef = 14B2FAC92644702900C93367 /* LaunchScreen.storyboard */; };
		14B2FAD6264472A400C93367 /* Forca.swift in Sources */ = {isa = PBXBuildFile; fileRef = 14B2FAD5264472A400C93367 /* Forca.swift */; };
		14B2FADC26447F6400C93367 /* ResultViewController.swift in Sources */ = {isa = PBXBuildFile; fileRef = 14B2FADB26447F6400C93367 /* ResultViewController.swift */; };
/* End PBXBuildFile section */

/* Begin PBXFileReference section */
		14B2FABB2644702500C93367 /* forca.app */ = {isa = PBXFileReference; explicitFileType = wrapper.application; includeInIndex = 0; path = forca.app; sourceTree = BUILT_PRODUCTS_DIR; };
		14B2FABE2644702500C93367 /* AppDelegate.swift */ = {isa = PBXFileReference; lastKnownFileType = sourcecode.swift; path = AppDelegate.swift; sourceTree = "<group>"; };
		14B2FAC02644702600C93367 /* SceneDelegate.swift */ = {isa = PBXFileReference; lastKnownFileType = sourcecode.swift; path = SceneDelegate.swift; sourceTree = "<group>"; };
		14B2FAC22644702600C93367 /* MainViewCotroller.swift */ = {isa = PBXFileReference; lastKnownFileType = sourcecode.swift; path = MainViewCotroller.swift; sourceTree = "<group>"; };
		14B2FAC52644702600C93367 /* Base */ = {isa = PBXFileReference; lastKnownFileType = file.storyboard; name = Base; path = Base.lproj/Main.storyboard; sourceTree = "<group>"; };
		14B2FAC72644702900C93367 /* Assets.xcassets */ = {isa = PBXFileReference; lastKnownFileType = folder.assetcatalog; path = Assets.xcassets; sourceTree = "<group>"; };
		14B2FACA2644702900C93367 /* Base */ = {isa = PBXFileReference; lastKnownFileType = file.storyboard; name = Base; path = Base.lproj/LaunchScreen.storyboard; sourceTree = "<group>"; };
		14B2FACC2644702900C93367 /* Info.plist */ = {isa = PBXFileReference; lastKnownFileType = text.plist.xml; path = Info.plist; sourceTree = "<group>"; };
		14B2FAD5264472A400C93367 /* Forca.swift */ = {isa = PBXFileReference; lastKnownFileType = sourcecode.swift; path = Forca.swift; sourceTree = "<group>"; };
		14B2FADB26447F6400C93367 /* ResultViewController.swift */ = {isa = PBXFileReference; lastKnownFileType = sourcecode.swift; path = ResultViewController.swift; sourceTree = "<group>"; };
/* End PBXFileReference section */

/* Begin PBXFrameworksBuildPhase section */
		14B2FAB82644702500C93367 /* Frameworks */ = {
			isa = PBXFrameworksBuildPhase;
			buildActionMask = 2147483647;
			files = (
			);
			runOnlyForDeploymentPostprocessing = 0;
		};
/* End PBXFrameworksBuildPhase section */

/* Begin PBXGroup section */
		14B2FAB22644702500C93367 = {
			isa = PBXGroup;
			children = (
				14B2FABD2644702500C93367 /* forca */,
				14B2FABC2644702500C93367 /* Products */,
			);
			sourceTree = "<group>";
		};
		14B2FABC2644702500C93367 /* Products */ = {
			isa = PBXGroup;
			children = (
				14B2FABB2644702500C93367 /* forca.app */,
			);
			name = Products;
			sourceTree = "<group>";
		};
		14B2FABD2644702500C93367 /* forca */ = {
			isa = PBXGroup;
			children = (
				14B2FADD26448EB100C93367 /* assets */,
				14B2FAD42644721100C93367 /* view */,
				14B2FAD32644720600C93367 /* model */,
				14B2FAD2264471FD00C93367 /* controller */,
				14B2FABE2644702500C93367 /* AppDelegate.swift */,
				14B2FAC02644702600C93367 /* SceneDelegate.swift */,
				14B2FAC72644702900C93367 /* Assets.xcassets */,
				14B2FACC2644702900C93367 /* Info.plist */,
			);
			path = forca;
			sourceTree = "<group>";
		};
		14B2FAD2264471FD00C93367 /* controller */ = {
			isa = PBXGroup;
			children = (
				14B2FAC22644702600C93367 /* MainViewCotroller.swift */,
				14B2FADB26447F6400C93367 /* ResultViewController.swift */,
			);
			path = controller;
			sourceTree = "<group>";
		};
		14B2FAD32644720600C93367 /* model */ = {
			isa = PBXGroup;
			children = (
				14B2FAD5264472A400C93367 /* Forca.swift */,
			);
			path = model;
			sourceTree = "<group>";
		};
		14B2FAD42644721100C93367 /* view */ = {
			isa = PBXGroup;
			children = (
				14B2FAC92644702900C93367 /* LaunchScreen.storyboard */,
				14B2FAC42644702600C93367 /* Main.storyboard */,
			);
			path = view;
			sourceTree = "<group>";
		};
		14B2FADD26448EB100C93367 /* assets */ = {
			isa = PBXGroup;
			children = (
			);
			path = assets;
			sourceTree = "<group>";
		};
/* End PBXGroup section */

/* Begin PBXNativeTarget section */
		14B2FABA2644702500C93367 /* forca */ = {
			isa = PBXNativeTarget;
			buildConfigurationList = 14B2FACF2644702900C93367 /* Build configuration list for PBXNativeTarget "forca" */;
			buildPhases = (
				14B2FAB72644702500C93367 /* Sources */,
				14B2FAB82644702500C93367 /* Frameworks */,
				14B2FAB92644702500C93367 /* Resources */,
			);
			buildRules = (
			);
			dependencies = (
			);
			name = forca;
			productName = forca;
			productReference = 14B2FABB2644702500C93367 /* forca.app */;
			productType = "com.apple.product-type.application";
		};
/* End PBXNativeTarget section */

/* Begin PBXProject section */
		14B2FAB32644702500C93367 /* Project object */ = {
			isa = PBXProject;
			attributes = {
				LastSwiftUpdateCheck = 1130;
				LastUpgradeCheck = 1130;
				ORGANIZATIONNAME = IFPB;
				TargetAttributes = {
					14B2FABA2644702500C93367 = {
						CreatedOnToolsVersion = 11.3.1;
					};
				};
			};
			buildConfigurationList = 14B2FAB62644702500C93367 /* Build configuration list for PBXProject "forca" */;
			compatibilityVersion = "Xcode 9.3";
			developmentRegion = en;
			hasScannedForEncodings = 0;
			knownRegions = (
				en,
				Base,
			);
			mainGroup = 14B2FAB22644702500C93367;
			productRefGroup = 14B2FABC2644702500C93367 /* Products */;
			projectDirPath = "";
			projectRoot = "";
			targets = (
				14B2FABA2644702500C93367 /* forca */,
			);
		};
/* End PBXProject section */

/* Begin PBXResourcesBuildPhase section */
		14B2FAB92644702500C93367 /* Resources */ = {
			isa = PBXResourcesBuildPhase;
			buildActionMask = 2147483647;
			files = (
				14B2FACB2644702900C93367 /* LaunchScreen.storyboard in Resources */,
				14B2FAC82644702900C93367 /* Assets.xcassets in Resources */,
				14B2FAC62644702600C93367 /* Main.storyboard in Resources */,
			);
			runOnlyForDeploymentPostprocessing = 0;
		};
/* End PBXResourcesBuildPhase section */

/* Begin PBXSourcesBuildPhase section */
		14B2FAB72644702500C93367 /* Sources */ = {
			isa = PBXSourcesBuildPhase;
			buildActionMask = 2147483647;
			files = (
				14B2FADC26447F6400C93367 /* ResultViewController.swift in Sources */,
				14B2FAC32644702600C93367 /* MainViewCotroller.swift in Sources */,
				14B2FAD6264472A400C93367 /* Forca.swift in Sources */,
				14B2FABF2644702500C93367 /* AppDelegate.swift in Sources */,
				14B2FAC12644702600C93367 /* SceneDelegate.swift in Sources */,
			);
			runOnlyForDeploymentPostprocessing = 0;
		};
/* End PBXSourcesBuildPhase section */

/* Begin PBXVariantGroup section */
		14B2FAC42644702600C93367 /* Main.storyboard */ = {
			isa = PBXVariantGroup;
			children = (
				14B2FAC52644702600C93367 /* Base */,
			);
			name = Main.storyboard;
			sourceTree = "<group>";
		};
		14B2FAC92644702900C93367 /* LaunchScreen.storyboard */ = {
			isa = PBXVariantGroup;
			children = (
				14B2FACA2644702900C93367 /* Base */,
			);
			name = LaunchScreen.storyboard;
			sourceTree = "<group>";
		};
/* End PBXVariantGroup section */

/* Begin XCBuildConfiguration section */
		14B2FACD2644702900C93367 /* Debug */ = {
			isa = XCBuildConfiguration;
			buildSettings = {
				ALWAYS_SEARCH_USER_PATHS = NO;
				CLANG_ANALYZER_NONNULL = YES;
				CLANG_ANALYZER_NUMBER_OBJECT_CONVERSION = YES_AGGRESSIVE;
				CLANG_CXX_LANGUAGE_STANDARD = "gnu++14";
				CLANG_CXX_LIBRARY = "libc++";
				CLANG_ENABLE_MODULES = YES;
				CLANG_ENABLE_OBJC_ARC = YES;
				CLANG_ENABLE_OBJC_WEAK = YES;
				CLANG_WARN_BLOCK_CAPTURE_AUTORELEASING = YES;
				CLANG_WARN_BOOL_CONVERSION = YES;
				CLANG_WARN_COMMA = YES;
				CLANG_WARN_CONSTANT_CONVERSION = YES;
				CLANG_WARN_DEPRECATED_OBJC_IMPLEMENTATIONS = YES;
				CLANG_WARN_DIRECT_OBJC_ISA_USAGE = YES_ERROR;
				CLANG_WARN_DOCUMENTATION_COMMENTS = YES;
				CLANG_WARN_EMPTY_BODY = YES;
				CLANG_WARN_ENUM_CONVERSION = YES;
				CLANG_WARN_INFINITE_RECURSION = YES;
				CLANG_WARN_INT_CONVERSION = YES;
				CLANG_WARN_NON_LITERAL_NULL_CONVERSION = YES;
				CLANG_WARN_OBJC_IMPLICIT_RETAIN_SELF = YES;
				CLANG_WARN_OBJC_LITERAL_CONVERSION = YES;
				CLANG_WARN_OBJC_ROOT_CLASS = YES_ERROR;
				CLANG_WARN_RANGE_LOOP_ANALYSIS = YES;
				CLANG_WARN_STRICT_PROTOTYPES = YES;
				CLANG_WARN_SUSPICIOUS_MOVE = YES;
				CLANG_WARN_UNGUARDED_AVAILABILITY = YES_AGGRESSIVE;
				CLANG_WARN_UNREACHABLE_CODE = YES;
				CLANG_WARN__DUPLICATE_METHOD_MATCH = YES;
				COPY_PHASE_STRIP = NO;
				DEBUG_INFORMATION_FORMAT = dwarf;
				ENABLE_STRICT_OBJC_MSGSEND = YES;
				ENABLE_TESTABILITY = YES;
				GCC_C_LANGUAGE_STANDARD = gnu11;
				GCC_DYNAMIC_NO_PIC = NO;
				GCC_NO_COMMON_BLOCKS = YES;
				GCC_OPTIMIZATION_LEVEL = 0;
				GCC_PREPROCESSOR_DEFINITIONS = (
					"DEBUG=1",
					"$(inherited)",
				);
				GCC_WARN_64_TO_32_BIT_CONVERSION = YES;
				GCC_WARN_ABOUT_RETURN_TYPE = YES_ERROR;
				GCC_WARN_UNDECLARED_SELECTOR = YES;
				GCC_WARN_UNINITIALIZED_AUTOS = YES_AGGRESSIVE;
				GCC_WARN_UNUSED_FUNCTION = YES;
				GCC_WARN_UNUSED_VARIABLE = YES;
				IPHONEOS_DEPLOYMENT_TARGET = 13.2;
				MTL_ENABLE_DEBUG_INFO = INCLUDE_SOURCE;
				MTL_FAST_MATH = YES;
				ONLY_ACTIVE_ARCH = YES;
				SDKROOT = iphoneos;
				SWIFT_ACTIVE_COMPILATION_CONDITIONS = DEBUG;
				SWIFT_OPTIMIZATION_LEVEL = "-Onone";
			};
			name = Debug;
		};
		14B2FACE2644702900C93367 /* Release */ = {
			isa = XCBuildConfiguration;
			buildSettings = {
				ALWAYS_SEARCH_USER_PATHS = NO;
				CLANG_ANALYZER_NONNULL = YES;
				CLANG_ANALYZER_NUMBER_OBJECT_CONVERSION = YES_AGGRESSIVE;
				CLANG_CXX_LANGUAGE_STANDARD = "gnu++14";
				CLANG_CXX_LIBRARY = "libc++";
				CLANG_ENABLE_MODULES = YES;
				CLANG_ENABLE_OBJC_ARC = YES;
				CLANG_ENABLE_OBJC_WEAK = YES;
				CLANG_WARN_BLOCK_CAPTURE_AUTORELEASING = YES;
				CLANG_WARN_BOOL_CONVERSION = YES;
				CLANG_WARN_COMMA = YES;
				CLANG_WARN_CONSTANT_CONVERSION = YES;
				CLANG_WARN_DEPRECATED_OBJC_IMPLEMENTATIONS = YES;
				CLANG_WARN_DIRECT_OBJC_ISA_USAGE = YES_ERROR;
				CLANG_WARN_DOCUMENTATION_COMMENTS = YES;
				CLANG_WARN_EMPTY_BODY = YES;
				CLANG_WARN_ENUM_CONVERSION = YES;
				CLANG_WARN_INFINITE_RECURSION = YES;
				CLANG_WARN_INT_CONVERSION = YES;
				CLANG_WARN_NON_LITERAL_NULL_CONVERSION = YES;
				CLANG_WARN_OBJC_IMPLICIT_RETAIN_SELF = YES;
				CLANG_WARN_OBJC_LITERAL_CONVERSION = YES;
				CLANG_WARN_OBJC_ROOT_CLASS = YES_ERROR;
				CLANG_WARN_RANGE_LOOP_ANALYSIS = YES;
				CLANG_WARN_STRICT_PROTOTYPES = YES;
				CLANG_WARN_SUSPICIOUS_MOVE = YES;
				CLANG_WARN_UNGUARDED_AVAILABILITY = YES_AGGRESSIVE;
				CLANG_WARN_UNREACHABLE_CODE = YES;
				CLANG_WARN__DUPLICATE_METHOD_MATCH = YES;
				COPY_PHASE_STRIP = NO;
				DEBUG_INFORMATION_FORMAT = "dwarf-with-dsym";
				ENABLE_NS_ASSERTIONS = NO;
				ENABLE_STRICT_OBJC_MSGSEND = YES;
				GCC_C_LANGUAGE_STANDARD = gnu11;
				GCC_NO_COMMON_BLOCKS = YES;
				GCC_WARN_64_TO_32_BIT_CONVERSION = YES;
				GCC_WARN_ABOUT_RETURN_TYPE = YES_ERROR;
				GCC_WARN_UNDECLARED_SELECTOR = YES;
				GCC_WARN_UNINITIALIZED_AUTOS = YES_AGGRESSIVE;
				GCC_WARN_UNUSED_FUNCTION = YES;
				GCC_WARN_UNUSED_VARIABLE = YES;
				IPHONEOS_DEPLOYMENT_TARGET = 13.2;
				MTL_ENABLE_DEBUG_INFO = NO;
				MTL_FAST_MATH = YES;
				SDKROOT = iphoneos;
				SWIFT_COMPILATION_MODE = wholemodule;
				SWIFT_OPTIMIZATION_LEVEL = "-O";
				VALIDATE_PRODUCT = YES;
			};
			name = Release;
		};
		14B2FAD02644702900C93367 /* Debug */ = {
			isa = XCBuildConfiguration;
			buildSettings = {
				ASSETCATALOG_COMPILER_APPICON_NAME = AppIcon;
				CODE_SIGN_STYLE = Automatic;
				INFOPLIST_FILE = forca/Info.plist;
				LD_RUNPATH_SEARCH_PATHS = (
					"$(inherited)",
					"@executable_path/Frameworks",
				);
				PRODUCT_BUNDLE_IDENTIFIER = com.ifpb.forca;
				PRODUCT_NAME = "$(TARGET_NAME)";
				SWIFT_VERSION = 5.0;
				TARGETED_DEVICE_FAMILY = 1;
			};
			name = Debug;
		};
		14B2FAD12644702900C93367 /* Release */ = {
			isa = XCBuildConfiguration;
			buildSettings = {
				ASSETCATALOG_COMPILER_APPICON_NAME = AppIcon;
				CODE_SIGN_STYLE = Automatic;
				INFOPLIST_FILE = forca/Info.plist;
				LD_RUNPATH_SEARCH_PATHS = (
					"$(inherited)",
					"@executable_path/Frameworks",
				);
				PRODUCT_BUNDLE_IDENTIFIER = com.ifpb.forca;
				PRODUCT_NAME = "$(TARGET_NAME)";
				SWIFT_VERSION = 5.0;
				TARGETED_DEVICE_FAMILY = 1;
			};
			name = Release;
		};
/* End XCBuildConfiguration section */

/* Begin XCConfigurationList section */
		14B2FAB62644702500C93367 /* Build configuration list for PBXProject "forca" */ = {
			isa = XCConfigurationList;
			buildConfigurations = (
				14B2FACD2644702900C93367 /* Debug */,
				14B2FACE2644702900C93367 /* Release */,
			);
			defaultConfigurationIsVisible = 0;
			defaultConfigurationName = Release;
		};
		14B2FACF2644702900C93367 /* Build configuration list for PBXNativeTarget "forca" */ = {
			isa = XCConfigurationList;
			buildConfigurations = (
				14B2FAD02644702900C93367 /* Debug */,
				14B2FAD12644702900C93367 /* Release */,
			);
			defaultConfigurationIsVisible = 0;
			defaultConfigurationName = Release;
		};
/* End XCConfigurationList section */
	};
	rootObject = 14B2FAB32644702500C93367 /* Project object */;
}
